// !$*UTF8*$!
{
	archiveVersion = 1;
	classes = {
	};
	objectVersion = 50;
	objects = {

/* Begin PBXBuildFile section */
		53D0C3E322CD4A6D00D42E5A /* AppDelegate.m in Sources */ = {isa = PBXBuildFile; fileRef = 53D0C3E222CD4A6D00D42E5A /* AppDelegate.m */; };
		53D0C3E922CD4A6D00D42E5A /* Main.storyboard in Resources */ = {isa = PBXBuildFile; fileRef = 53D0C3E722CD4A6D00D42E5A /* Main.storyboard */; };
		53D0C3EB22CD4A6D00D42E5A /* Assets.xcassets in Resources */ = {isa = PBXBuildFile; fileRef = 53D0C3EA22CD4A6D00D42E5A /* Assets.xcassets */; };
		53D0C3EE22CD4A6D00D42E5A /* LaunchScreen.storyboard in Resources */ = {isa = PBXBuildFile; fileRef = 53D0C3EC22CD4A6D00D42E5A /* LaunchScreen.storyboard */; };
		53D0C3F122CD4A6D00D42E5A /* main.m in Sources */ = {isa = PBXBuildFile; fileRef = 53D0C3F022CD4A6D00D42E5A /* main.m */; };
		53D0C3FD22CD4B6200D42E5A /* KSBreed.m in Sources */ = {isa = PBXBuildFile; fileRef = 53D0C3FC22CD4B6200D42E5A /* KSBreed.m */; };
		53D0C40022CD4B7400D42E5A /* KSSubBreed.m in Sources */ = {isa = PBXBuildFile; fileRef = 53D0C3FF22CD4B7400D42E5A /* KSSubBreed.m */; };
/* End PBXBuildFile section */

/* Begin PBXFileReference section */
		53D0C3DE22CD4A6D00D42E5A /* Dogs.app */ = {isa = PBXFileReference; explicitFileType = wrapper.application; includeInIndex = 0; path = Dogs.app; sourceTree = BUILT_PRODUCTS_DIR; };
		53D0C3E122CD4A6D00D42E5A /* AppDelegate.h */ = {isa = PBXFileReference; lastKnownFileType = sourcecode.c.h; path = AppDelegate.h; sourceTree = "<group>"; };
		53D0C3E222CD4A6D00D42E5A /* AppDelegate.m */ = {isa = PBXFileReference; lastKnownFileType = sourcecode.c.objc; path = AppDelegate.m; sourceTree = "<group>"; };
		53D0C3E822CD4A6D00D42E5A /* Base */ = {isa = PBXFileReference; lastKnownFileType = file.storyboard; name = Base; path = Base.lproj/Main.storyboard; sourceTree = "<group>"; };
		53D0C3EA22CD4A6D00D42E5A /* Assets.xcassets */ = {isa = PBXFileReference; lastKnownFileType = folder.assetcatalog; path = Assets.xcassets; sourceTree = "<group>"; };
		53D0C3ED22CD4A6D00D42E5A /* Base */ = {isa = PBXFileReference; lastKnownFileType = file.storyboard; name = Base; path = Base.lproj/LaunchScreen.storyboard; sourceTree = "<group>"; };
		53D0C3EF22CD4A6D00D42E5A /* Info.plist */ = {isa = PBXFileReference; lastKnownFileType = text.plist.xml; path = Info.plist; sourceTree = "<group>"; };
		53D0C3F022CD4A6D00D42E5A /* main.m */ = {isa = PBXFileReference; lastKnownFileType = sourcecode.c.objc; path = main.m; sourceTree = "<group>"; };
		53D0C3FB22CD4B6200D42E5A /* KSBreed.h */ = {isa = PBXFileReference; lastKnownFileType = sourcecode.c.h; path = KSBreed.h; sourceTree = "<group>"; };
		53D0C3FC22CD4B6200D42E5A /* KSBreed.m */ = {isa = PBXFileReference; lastKnownFileType = sourcecode.c.objc; path = KSBreed.m; sourceTree = "<group>"; };
		53D0C3FE22CD4B7400D42E5A /* KSSubBreed.h */ = {isa = PBXFileReference; lastKnownFileType = sourcecode.c.h; path = KSSubBreed.h; sourceTree = "<group>"; };
		53D0C3FF22CD4B7400D42E5A /* KSSubBreed.m */ = {isa = PBXFileReference; lastKnownFileType = sourcecode.c.objc; path = KSSubBreed.m; sourceTree = "<group>"; };
/* End PBXFileReference section */

/* Begin PBXFrameworksBuildPhase section */
		53D0C3DB22CD4A6D00D42E5A /* Frameworks */ = {
			isa = PBXFrameworksBuildPhase;
			buildActionMask = 2147483647;
			files = (
			);
			runOnlyForDeploymentPostprocessing = 0;
		};
/* End PBXFrameworksBuildPhase section */

/* Begin PBXGroup section */
		53D0C3D522CD4A6D00D42E5A = {
			isa = PBXGroup;
			children = (
				53D0C3E022CD4A6D00D42E5A /* Dogs */,
				53D0C3DF22CD4A6D00D42E5A /* Products */,
			);
			sourceTree = "<group>";
		};
		53D0C3DF22CD4A6D00D42E5A /* Products */ = {
			isa = PBXGroup;
			children = (
				53D0C3DE22CD4A6D00D42E5A /* Dogs.app */,
			);
			name = Products;
			sourceTree = "<group>";
		};
		53D0C3E022CD4A6D00D42E5A /* Dogs */ = {
			isa = PBXGroup;
			children = (
				53D0C3E722CD4A6D00D42E5A /* Main.storyboard */,
				53D0C3FA22CD4ABC00D42E5A /* Models */,
				53D0C3F922CD4AB400D42E5A /* Model Controllers */,
				53D0C3F822CD4AAC00D42E5A /* View Controller */,
				53D0C3F722CD4A8400D42E5A /* Resources */,
			);
			path = Dogs;
			sourceTree = "<group>";
		};
		53D0C3F722CD4A8400D42E5A /* Resources */ = {
			isa = PBXGroup;
			children = (
				53D0C3E122CD4A6D00D42E5A /* AppDelegate.h */,
				53D0C3E222CD4A6D00D42E5A /* AppDelegate.m */,
				53D0C3EA22CD4A6D00D42E5A /* Assets.xcassets */,
				53D0C3EC22CD4A6D00D42E5A /* LaunchScreen.storyboard */,
				53D0C3EF22CD4A6D00D42E5A /* Info.plist */,
				53D0C3F022CD4A6D00D42E5A /* main.m */,
			);
			path = Resources;
			sourceTree = "<group>";
		};
		53D0C3F822CD4AAC00D42E5A /* View Controller */ = {
			isa = PBXGroup;
			children = (
			);
			path = "View Controller";
			sourceTree = "<group>";
		};
		53D0C3F922CD4AB400D42E5A /* Model Controllers */ = {
			isa = PBXGroup;
			children = (
			);
			path = "Model Controllers";
			sourceTree = "<group>";
		};
		53D0C3FA22CD4ABC00D42E5A /* Models */ = {
			isa = PBXGroup;
			children = (
				53D0C3FB22CD4B6200D42E5A /* KSBreed.h */,
				53D0C3FC22CD4B6200D42E5A /* KSBreed.m */,
				53D0C3FE22CD4B7400D42E5A /* KSSubBreed.h */,
				53D0C3FF22CD4B7400D42E5A /* KSSubBreed.m */,
			);
			path = Models;
			sourceTree = "<group>";
		};
/* End PBXGroup section */

/* Begin PBXNativeTarget section */
		53D0C3DD22CD4A6D00D42E5A /* Dogs */ = {
			isa = PBXNativeTarget;
			buildConfigurationList = 53D0C3F422CD4A6D00D42E5A /* Build configuration list for PBXNativeTarget "Dogs" */;
			buildPhases = (
				53D0C3DA22CD4A6D00D42E5A /* Sources */,
				53D0C3DB22CD4A6D00D42E5A /* Frameworks */,
				53D0C3DC22CD4A6D00D42E5A /* Resources */,
			);
			buildRules = (
			);
			dependencies = (
			);
			name = Dogs;
			productName = Dogs;
			productReference = 53D0C3DE22CD4A6D00D42E5A /* Dogs.app */;
			productType = "com.apple.product-type.application";
		};
/* End PBXNativeTarget section */

/* Begin PBXProject section */
		53D0C3D622CD4A6D00D42E5A /* Project object */ = {
			isa = PBXProject;
			attributes = {
				CLASSPREFIX = KS;
				LastUpgradeCheck = 1020;
				ORGANIZATIONNAME = "Madi S";
				TargetAttributes = {
					53D0C3DD22CD4A6D00D42E5A = {
						CreatedOnToolsVersion = 10.2.1;
					};
				};
			};
			buildConfigurationList = 53D0C3D922CD4A6D00D42E5A /* Build configuration list for PBXProject "Dogs" */;
			compatibilityVersion = "Xcode 9.3";
			developmentRegion = en;
			hasScannedForEncodings = 0;
			knownRegions = (
				en,
				Base,
			);
			mainGroup = 53D0C3D522CD4A6D00D42E5A;
			productRefGroup = 53D0C3DF22CD4A6D00D42E5A /* Products */;
			projectDirPath = "";
			projectRoot = "";
			targets = (
				53D0C3DD22CD4A6D00D42E5A /* Dogs */,
			);
		};
/* End PBXProject section */

/* Begin PBXResourcesBuildPhase section */
		53D0C3DC22CD4A6D00D42E5A /* Resources */ = {
			isa = PBXResourcesBuildPhase;
			buildActionMask = 2147483647;
			files = (
				53D0C3EE22CD4A6D00D42E5A /* LaunchScreen.storyboard in Resources */,
				53D0C3EB22CD4A6D00D42E5A /* Assets.xcassets in Resources */,
				53D0C3E922CD4A6D00D42E5A /* Main.storyboard in Resources */,
			);
			runOnlyForDeploymentPostprocessing = 0;
		};
/* End PBXResourcesBuildPhase section */

/* Begin PBXSourcesBuildPhase section */
		53D0C3DA22CD4A6D00D42E5A /* Sources */ = {
			isa = PBXSourcesBuildPhase;
			buildActionMask = 2147483647;
			files = (
				53D0C3FD22CD4B6200D42E5A /* KSBreed.m in Sources */,
				53D0C40022CD4B7400D42E5A /* KSSubBreed.m in Sources */,
				53D0C3F122CD4A6D00D42E5A /* main.m in Sources */,
				53D0C3E322CD4A6D00D42E5A /* AppDelegate.m in Sources */,
			);
			runOnlyForDeploymentPostprocessing = 0;
		};
/* End PBXSourcesBuildPhase section */

/* Begin PBXVariantGroup section */
		53D0C3E722CD4A6D00D42E5A /* Main.storyboard */ = {
			isa = PBXVariantGroup;
			children = (
				53D0C3E822CD4A6D00D42E5A /* Base */,
			);
			name = Main.storyboard;
			sourceTree = "<group>";
		};
		53D0C3EC22CD4A6D00D42E5A /* LaunchScreen.storyboard */ = {
			isa = PBXVariantGroup;
			children = (
				53D0C3ED22CD4A6D00D42E5A /* Base */,
			);
			name = LaunchScreen.storyboard;
			sourceTree = "<group>";
		};
/* End PBXVariantGroup section */

/* Begin XCBuildConfiguration section */
		53D0C3F222CD4A6D00D42E5A /* Debug */ = {
			isa = XCBuildConfiguration;
			buildSettings = {
				ALWAYS_SEARCH_USER_PATHS = NO;
				CLANG_ANALYZER_NONNULL = YES;
				CLANG_ANALYZER_NUMBER_OBJECT_CONVERSION = YES_AGGRESSIVE;
				CLANG_CXX_LANGUAGE_STANDARD = "gnu++14";
				CLANG_CXX_LIBRARY = "libc++";
				CLANG_ENABLE_MODULES = YES;
				CLANG_ENABLE_OBJC_ARC = YES;
				CLANG_ENABLE_OBJC_WEAK = YES;
				CLANG_WARN_BLOCK_CAPTURE_AUTORELEASING = YES;
				CLANG_WARN_BOOL_CONVERSION = YES;
				CLANG_WARN_COMMA = YES;
				CLANG_WARN_CONSTANT_CONVERSION = YES;
				CLANG_WARN_DEPRECATED_OBJC_IMPLEMENTATIONS = YES;
				CLANG_WARN_DIRECT_OBJC_ISA_USAGE = YES_ERROR;
				CLANG_WARN_DOCUMENTATION_COMMENTS = YES;
				CLANG_WARN_EMPTY_BODY = YES;
				CLANG_WARN_ENUM_CONVERSION = YES;
				CLANG_WARN_INFINITE_RECURSION = YES;
				CLANG_WARN_INT_CONVERSION = YES;
				CLANG_WARN_NON_LITERAL_NULL_CONVERSION = YES;
				CLANG_WARN_OBJC_IMPLICIT_RETAIN_SELF = YES;
				CLANG_WARN_OBJC_LITERAL_CONVERSION = YES;
				CLANG_WARN_OBJC_ROOT_CLASS = YES_ERROR;
				CLANG_WARN_RANGE_LOOP_ANALYSIS = YES;
				CLANG_WARN_STRICT_PROTOTYPES = YES;
				CLANG_WARN_SUSPICIOUS_MOVE = YES;
				CLANG_WARN_UNGUARDED_AVAILABILITY = YES_AGGRESSIVE;
				CLANG_WARN_UNREACHABLE_CODE = YES;
				CLANG_WARN__DUPLICATE_METHOD_MATCH = YES;
				CODE_SIGN_IDENTITY = "iPhone Developer";
				COPY_PHASE_STRIP = NO;
				DEBUG_INFORMATION_FORMAT = dwarf;
				ENABLE_STRICT_OBJC_MSGSEND = YES;
				ENABLE_TESTABILITY = YES;
				GCC_C_LANGUAGE_STANDARD = gnu11;
				GCC_DYNAMIC_NO_PIC = NO;
				GCC_NO_COMMON_BLOCKS = YES;
				GCC_OPTIMIZATION_LEVEL = 0;
				GCC_PREPROCESSOR_DEFINITIONS = (
					"DEBUG=1",
					"$(inherited)",
				);
				GCC_WARN_64_TO_32_BIT_CONVERSION = YES;
				GCC_WARN_ABOUT_RETURN_TYPE = YES_ERROR;
				GCC_WARN_UNDECLARED_SELECTOR = YES;
				GCC_WARN_UNINITIALIZED_AUTOS = YES_AGGRESSIVE;
				GCC_WARN_UNUSED_FUNCTION = YES;
				GCC_WARN_UNUSED_VARIABLE = YES;
				IPHONEOS_DEPLOYMENT_TARGET = 12.2;
				MTL_ENABLE_DEBUG_INFO = INCLUDE_SOURCE;
				MTL_FAST_MATH = YES;
				ONLY_ACTIVE_ARCH = YES;
				SDKROOT = iphoneos;
			};
			name = Debug;
		};
		53D0C3F322CD4A6D00D42E5A /* Release */ = {
			isa = XCBuildConfiguration;
			buildSettings = {
				ALWAYS_SEARCH_USER_PATHS = NO;
				CLANG_ANALYZER_NONNULL = YES;
				CLANG_ANALYZER_NUMBER_OBJECT_CONVERSION = YES_AGGRESSIVE;
				CLANG_CXX_LANGUAGE_STANDARD = "gnu++14";
				CLANG_CXX_LIBRARY = "libc++";
				CLANG_ENABLE_MODULES = YES;
				CLANG_ENABLE_OBJC_ARC = YES;
				CLANG_ENABLE_OBJC_WEAK = YES;
				CLANG_WARN_BLOCK_CAPTURE_AUTORELEASING = YES;
				CLANG_WARN_BOOL_CONVERSION = YES;
				CLANG_WARN_COMMA = YES;
				CLANG_WARN_CONSTANT_CONVERSION = YES;
				CLANG_WARN_DEPRECATED_OBJC_IMPLEMENTATIONS = YES;
				CLANG_WARN_DIRECT_OBJC_ISA_USAGE = YES_ERROR;
				CLANG_WARN_DOCUMENTATION_COMMENTS = YES;
				CLANG_WARN_EMPTY_BODY = YES;
				CLANG_WARN_ENUM_CONVERSION = YES;
				CLANG_WARN_INFINITE_RECURSION = YES;
				CLANG_WARN_INT_CONVERSION = YES;
				CLANG_WARN_NON_LITERAL_NULL_CONVERSION = YES;
				CLANG_WARN_OBJC_IMPLICIT_RETAIN_SELF = YES;
				CLANG_WARN_OBJC_LITERAL_CONVERSION = YES;
				CLANG_WARN_OBJC_ROOT_CLASS = YES_ERROR;
				CLANG_WARN_RANGE_LOOP_ANALYSIS = YES;
				CLANG_WARN_STRICT_PROTOTYPES = YES;
				CLANG_WARN_SUSPICIOUS_MOVE = YES;
				CLANG_WARN_UNGUARDED_AVAILABILITY = YES_AGGRESSIVE;
				CLANG_WARN_UNREACHABLE_CODE = YES;
				CLANG_WARN__DUPLICATE_METHOD_MATCH = YES;
				CODE_SIGN_IDENTITY = "iPhone Developer";
				COPY_PHASE_STRIP = NO;
				DEBUG_INFORMATION_FORMAT = "dwarf-with-dsym";
				ENABLE_NS_ASSERTIONS = NO;
				ENABLE_STRICT_OBJC_MSGSEND = YES;
				GCC_C_LANGUAGE_STANDARD = gnu11;
				GCC_NO_COMMON_BLOCKS = YES;
				GCC_WARN_64_TO_32_BIT_CONVERSION = YES;
				GCC_WARN_ABOUT_RETURN_TYPE = YES_ERROR;
				GCC_WARN_UNDECLARED_SELECTOR = YES;
				GCC_WARN_UNINITIALIZED_AUTOS = YES_AGGRESSIVE;
				GCC_WARN_UNUSED_FUNCTION = YES;
				GCC_WARN_UNUSED_VARIABLE = YES;
				IPHONEOS_DEPLOYMENT_TARGET = 12.2;
				MTL_ENABLE_DEBUG_INFO = NO;
				MTL_FAST_MATH = YES;
				SDKROOT = iphoneos;
				VALIDATE_PRODUCT = YES;
			};
			name = Release;
		};
		53D0C3F522CD4A6D00D42E5A /* Debug */ = {
			isa = XCBuildConfiguration;
			buildSettings = {
				ASSETCATALOG_COMPILER_APPICON_NAME = AppIcon;
				CODE_SIGN_STYLE = Automatic;
				DEVELOPMENT_TEAM = 8MJ3MC3A9A;
				INFOPLIST_FILE = "$(SRCROOT)/Dogs/Resources/Info.plist";
				LD_RUNPATH_SEARCH_PATHS = (
					"$(inherited)",
					"@executable_path/Frameworks",
				);
				PRODUCT_BUNDLE_IDENTIFIER = "Madi-S.Dogs";
				PRODUCT_NAME = "$(TARGET_NAME)";
				TARGETED_DEVICE_FAMILY = "1,2";
			};
			name = Debug;
		};
		53D0C3F622CD4A6D00D42E5A /* Release */ = {
			isa = XCBuildConfiguration;
			buildSettings = {
				ASSETCATALOG_COMPILER_APPICON_NAME = AppIcon;
				CODE_SIGN_STYLE = Automatic;
				DEVELOPMENT_TEAM = 8MJ3MC3A9A;
				INFOPLIST_FILE = "$(SRCROOT)/Dogs/Resources/Info.plist";
				LD_RUNPATH_SEARCH_PATHS = (
					"$(inherited)",
					"@executable_path/Frameworks",
				);
				PRODUCT_BUNDLE_IDENTIFIER = "Madi-S.Dogs";
				PRODUCT_NAME = "$(TARGET_NAME)";
				TARGETED_DEVICE_FAMILY = "1,2";
			};
			name = Release;
		};
/* End XCBuildConfiguration section */

/* Begin XCConfigurationList section */
		53D0C3D922CD4A6D00D42E5A /* Build configuration list for PBXProject "Dogs" */ = {
			isa = XCConfigurationList;
			buildConfigurations = (
				53D0C3F222CD4A6D00D42E5A /* Debug */,
				53D0C3F322CD4A6D00D42E5A /* Release */,
			);
			defaultConfigurationIsVisible = 0;
			defaultConfigurationName = Release;
		};
		53D0C3F422CD4A6D00D42E5A /* Build configuration list for PBXNativeTarget "Dogs" */ = {
			isa = XCConfigurationList;
			buildConfigurations = (
				53D0C3F522CD4A6D00D42E5A /* Debug */,
				53D0C3F622CD4A6D00D42E5A /* Release */,
			);
			defaultConfigurationIsVisible = 0;
			defaultConfigurationName = Release;
		};
/* End XCConfigurationList section */
	};
	rootObject = 53D0C3D622CD4A6D00D42E5A /* Project object */;
}
